# This file is autogenerated, do not edit; changes may be undone by the next 'dep ensure'.


[[projects]]
  name = "github.com/jawher/mow.cli"
  packages = ["."]
  revision = "89bd73e5017374498afb615659500c3559ff42b3"
  version = "v1.0.2"

[solve-meta]
  analyzer-name = "dep"
  analyzer-version = 1
  inputs-digest = "d46349c45bb4a5912fa4dcd27e493e67e05c0d8c52ec4ecd8545949c2beeac22"
  solver-name = "gps-cdcl"
  solver-version = 1
